
Microsoft Visual Studio Solution File, Format Version 12.00
# Visual Studio Version 16
VisualStudioVersion = 16.0.31005.135
MinimumVisualStudioVersion = 10.0.40219.1
Project("{9A19103F-16F7-4668-BE54-9A1E7A4F7556}") = "Model", "Model\Model.csproj", "{C8DB35DD-0D83-4E9B-846F-617E7CDB3B1F}"
EndProject
Project("{9A19103F-16F7-4668-BE54-9A1E7A4F7556}") = "ContactRepository", "ContactRepository\ContactRepository.csproj", "{1AA4591C-2D47-42AE-ACC7-CD1A3455AB89}"
EndProject
Project("{9A19103F-16F7-4668-BE54-9A1E7A4F7556}") = "DAL", "DAL\DAL.csproj", "{4ACA2B2B-2624-4244-AEEC-CE8C6BE45FBE}"
EndProject
Project("{9A19103F-16F7-4668-BE54-9A1E7A4F7556}") = "DataStore", "DataStore\DataStore.csproj", "{74CBDD39-1445-4A62-AA5D-3CF74D252140}"
EndProject
Project("{9A19103F-16F7-4668-BE54-9A1E7A4F7556}") = "ContactService", "ContactService\ContactService.csproj", "{65D3BEF5-C68F-43D5-BC2E-701903FE7AF2}"
EndProject
Project("{2150E333-8FDC-42A3-9474-1A3956D46DE8}") = "Solution Items", "Solution Items", "{8D6F6BC9-CDE0-4939-A725-02BB50C20E5C}"
	ProjectSection(SolutionItems) = preProject
		.editorconfig = .editorconfig
	EndProjectSection
EndProject
Project("{9A19103F-16F7-4668-BE54-9A1E7A4F7556}") = "ContactServiceUnitTests", "ContactServiceUnitTests\ContactServiceUnitTests.csproj", "{4247CEDA-A287-4CEE-BFFE-768463173775}"
EndProject
Project("{FAE04EC0-301F-11D3-BF4B-00C04F79EFBC}") = "Entities", "Entities\Entities.csproj", "{2030ACAF-6B47-4025-852F-1740FD5F289A}"
EndProject
Global
	GlobalSection(SolutionConfigurationPlatforms) = preSolution
		Debug|Any CPU = Debug|Any CPU
		Release|Any CPU = Release|Any CPU
	EndGlobalSection
	GlobalSection(ProjectConfigurationPlatforms) = postSolution
		{C8DB35DD-0D83-4E9B-846F-617E7CDB3B1F}.Debug|Any CPU.ActiveCfg = Debug|Any CPU
		{C8DB35DD-0D83-4E9B-846F-617E7CDB3B1F}.Debug|Any CPU.Build.0 = Debug|Any CPU
		{C8DB35DD-0D83-4E9B-846F-617E7CDB3B1F}.Release|Any CPU.ActiveCfg = Release|Any CPU
		{C8DB35DD-0D83-4E9B-846F-617E7CDB3B1F}.Release|Any CPU.Build.0 = Release|Any CPU
		{1AA4591C-2D47-42AE-ACC7-CD1A3455AB89}.Debug|Any CPU.ActiveCfg = Debug|Any CPU
		{1AA4591C-2D47-42AE-ACC7-CD1A3455AB89}.Debug|Any CPU.Build.0 = Debug|Any CPU
		{1AA4591C-2D47-42AE-ACC7-CD1A3455AB89}.Release|Any CPU.ActiveCfg = Release|Any CPU
		{1AA4591C-2D47-42AE-ACC7-CD1A3455AB89}.Release|Any CPU.Build.0 = Release|Any CPU
		{4ACA2B2B-2624-4244-AEEC-CE8C6BE45FBE}.Debug|Any CPU.ActiveCfg = Debug|Any CPU
		{4ACA2B2B-2624-4244-AEEC-CE8C6BE45FBE}.Debug|Any CPU.Build.0 = Debug|Any CPU
		{4ACA2B2B-2624-4244-AEEC-CE8C6BE45FBE}.Release|Any CPU.ActiveCfg = Release|Any CPU
		{4ACA2B2B-2624-4244-AEEC-CE8C6BE45FBE}.Release|Any CPU.Build.0 = Release|Any CPU
		{74CBDD39-1445-4A62-AA5D-3CF74D252140}.Debug|Any CPU.ActiveCfg = Debug|Any CPU
		{74CBDD39-1445-4A62-AA5D-3CF74D252140}.Debug|Any CPU.Build.0 = Debug|Any CPU
		{74CBDD39-1445-4A62-AA5D-3CF74D252140}.Release|Any CPU.ActiveCfg = Release|Any CPU
		{74CBDD39-1445-4A62-AA5D-3CF74D252140}.Release|Any CPU.Build.0 = Release|Any CPU
		{65D3BEF5-C68F-43D5-BC2E-701903FE7AF2}.Debug|Any CPU.ActiveCfg = Debug|Any CPU
		{65D3BEF5-C68F-43D5-BC2E-701903FE7AF2}.Debug|Any CPU.Build.0 = Debug|Any CPU
		{65D3BEF5-C68F-43D5-BC2E-701903FE7AF2}.Release|Any CPU.ActiveCfg = Release|Any CPU
		{65D3BEF5-C68F-43D5-BC2E-701903FE7AF2}.Release|Any CPU.Build.0 = Release|Any CPU
		{4247CEDA-A287-4CEE-BFFE-768463173775}.Debug|Any CPU.ActiveCfg = Debug|Any CPU
		{4247CEDA-A287-4CEE-BFFE-768463173775}.Debug|Any CPU.Build.0 = Debug|Any CPU
		{4247CEDA-A287-4CEE-BFFE-768463173775}.Release|Any CPU.ActiveCfg = Release|Any CPU
		{4247CEDA-A287-4CEE-BFFE-768463173775}.Release|Any CPU.Build.0 = Release|Any CPU
		{2030ACAF-6B47-4025-852F-1740FD5F289A}.Debug|Any CPU.ActiveCfg = Debug|Any CPU
		{2030ACAF-6B47-4025-852F-1740FD5F289A}.Debug|Any CPU.Build.0 = Debug|Any CPU
		{2030ACAF-6B47-4025-852F-1740FD5F289A}.Release|Any CPU.ActiveCfg = Release|Any CPU
		{2030ACAF-6B47-4025-852F-1740FD5F289A}.Release|Any CPU.Build.0 = Release|Any CPU
	EndGlobalSection
	GlobalSection(SolutionProperties) = preSolution
		HideSolutionNode = FALSE
	EndGlobalSection
	GlobalSection(ExtensibilityGlobals) = postSolution
		SolutionGuid = {452547E8-08F9-4E2A-9D70-E083613A38EA}
	EndGlobalSection
EndGlobal
